
Microsoft Visual Studio Solution File, Format Version 12.00
Project("{2150E333-8FDC-42A3-9474-1A3956D46DE8}") = "CodeGeneration", "CodeGeneration", "{F338323E-FE53-4942-8599-DA617DBE8FFF}"
EndProject
Project("{FAE04EC0-301F-11D3-BF4B-00C04F79EFBC}") = "ProxyGenerator", "CodeGeneration\ProxyGenerator\ProxyGenerator.csproj", "{AA130E4A-9DD6-4FCD-B48F-94D0A7564275}"
EndProject
Project("{2150E333-8FDC-42A3-9474-1A3956D46DE8}") = "Framework", "Framework", "{E928E59D-C6D4-4D8B-A0C5-9DA556FB4199}"
EndProject
Project("{FAE04EC0-301F-11D3-BF4B-00C04F79EFBC}") = "Boiler.Web.Host", "Framework\Boiler.Web.Host\Boiler.Web.Host.csproj", "{163CFD02-34FE-4E52-870F-BF5F3D211EE5}"
EndProject
Project("{FAE04EC0-301F-11D3-BF4B-00C04F79EFBC}") = "Boiler.Core.Abstractions", "Framework\Boiler.Core.Abstractions\Boiler.Core.Abstractions.csproj", "{66A8ADFC-A13B-42B6-912C-1BE2DB71299E}"
EndProject
Project("{FAE04EC0-301F-11D3-BF4B-00C04F79EFBC}") = "Boiler.Core.App", "Framework\Boiler.Core.App\Boiler.Core.App.csproj", "{27C972EF-DAAA-4773-8A0F-343CE126CD7E}"
EndProject
Project("{FAE04EC0-301F-11D3-BF4B-00C04F79EFBC}") = "Boiler.Core.Domain", "Framework\Boiler.Core.Domain\Boiler.Core.Domain.csproj", "{F69372A4-B789-4911-BA99-2A458126D3C7}"
EndProject
Project("{FAE04EC0-301F-11D3-BF4B-00C04F79EFBC}") = "Boiler.Core.EfCore", "Framework\Boiler.Core.EfCore\Boiler.Core.EfCore.csproj", "{7AA7302A-1F91-4226-AC3F-BA682D6B5764}"
EndProject
Project("{2150E333-8FDC-42A3-9474-1A3956D46DE8}") = "WebApp", "WebApp", "{2639536E-A42A-4AF8-8600-3B09A06ED1C4}"
EndProject
Global
	GlobalSection(SolutionConfigurationPlatforms) = preSolution
		Debug|Any CPU = Debug|Any CPU
		Release|Any CPU = Release|Any CPU
	EndGlobalSection
	GlobalSection(ProjectConfigurationPlatforms) = postSolution
		{AA130E4A-9DD6-4FCD-B48F-94D0A7564275}.Debug|Any CPU.ActiveCfg = Debug|Any CPU
		{AA130E4A-9DD6-4FCD-B48F-94D0A7564275}.Debug|Any CPU.Build.0 = Debug|Any CPU
		{AA130E4A-9DD6-4FCD-B48F-94D0A7564275}.Release|Any CPU.ActiveCfg = Release|Any CPU
		{AA130E4A-9DD6-4FCD-B48F-94D0A7564275}.Release|Any CPU.Build.0 = Release|Any CPU
		{163CFD02-34FE-4E52-870F-BF5F3D211EE5}.Debug|Any CPU.ActiveCfg = Debug|Any CPU
		{163CFD02-34FE-4E52-870F-BF5F3D211EE5}.Debug|Any CPU.Build.0 = Debug|Any CPU
		{163CFD02-34FE-4E52-870F-BF5F3D211EE5}.Release|Any CPU.ActiveCfg = Release|Any CPU
		{163CFD02-34FE-4E52-870F-BF5F3D211EE5}.Release|Any CPU.Build.0 = Release|Any CPU
		{66A8ADFC-A13B-42B6-912C-1BE2DB71299E}.Debug|Any CPU.ActiveCfg = Debug|Any CPU
		{66A8ADFC-A13B-42B6-912C-1BE2DB71299E}.Debug|Any CPU.Build.0 = Debug|Any CPU
		{66A8ADFC-A13B-42B6-912C-1BE2DB71299E}.Release|Any CPU.ActiveCfg = Release|Any CPU
		{66A8ADFC-A13B-42B6-912C-1BE2DB71299E}.Release|Any CPU.Build.0 = Release|Any CPU
		{27C972EF-DAAA-4773-8A0F-343CE126CD7E}.Debug|Any CPU.ActiveCfg = Debug|Any CPU
		{27C972EF-DAAA-4773-8A0F-343CE126CD7E}.Debug|Any CPU.Build.0 = Debug|Any CPU
		{27C972EF-DAAA-4773-8A0F-343CE126CD7E}.Release|Any CPU.ActiveCfg = Release|Any CPU
		{27C972EF-DAAA-4773-8A0F-343CE126CD7E}.Release|Any CPU.Build.0 = Release|Any CPU
		{F69372A4-B789-4911-BA99-2A458126D3C7}.Debug|Any CPU.ActiveCfg = Debug|Any CPU
		{F69372A4-B789-4911-BA99-2A458126D3C7}.Debug|Any CPU.Build.0 = Debug|Any CPU
		{F69372A4-B789-4911-BA99-2A458126D3C7}.Release|Any CPU.ActiveCfg = Release|Any CPU
		{F69372A4-B789-4911-BA99-2A458126D3C7}.Release|Any CPU.Build.0 = Release|Any CPU
		{7AA7302A-1F91-4226-AC3F-BA682D6B5764}.Debug|Any CPU.ActiveCfg = Debug|Any CPU
		{7AA7302A-1F91-4226-AC3F-BA682D6B5764}.Debug|Any CPU.Build.0 = Debug|Any CPU
		{7AA7302A-1F91-4226-AC3F-BA682D6B5764}.Release|Any CPU.ActiveCfg = Release|Any CPU
		{7AA7302A-1F91-4226-AC3F-BA682D6B5764}.Release|Any CPU.Build.0 = Release|Any CPU
	EndGlobalSection
	GlobalSection(NestedProjects) = preSolution
		{AA130E4A-9DD6-4FCD-B48F-94D0A7564275} = {F338323E-FE53-4942-8599-DA617DBE8FFF}
		{163CFD02-34FE-4E52-870F-BF5F3D211EE5} = {E928E59D-C6D4-4D8B-A0C5-9DA556FB4199}
		{66A8ADFC-A13B-42B6-912C-1BE2DB71299E} = {E928E59D-C6D4-4D8B-A0C5-9DA556FB4199}
		{27C972EF-DAAA-4773-8A0F-343CE126CD7E} = {E928E59D-C6D4-4D8B-A0C5-9DA556FB4199}
		{F69372A4-B789-4911-BA99-2A458126D3C7} = {E928E59D-C6D4-4D8B-A0C5-9DA556FB4199}
		{7AA7302A-1F91-4226-AC3F-BA682D6B5764} = {E928E59D-C6D4-4D8B-A0C5-9DA556FB4199}
	EndGlobalSection
EndGlobal
