
Microsoft Visual Studio Solution File, Format Version 12.00
Project("{2150E333-8FDC-42A3-9474-1A3956D46DE8}") = "CodeGeneration", "CodeGeneration", "{F338323E-FE53-4942-8599-DA617DBE8FFF}"
EndProject
Project("{FAE04EC0-301F-11D3-BF4B-00C04F79EFBC}") = "ProxyGenerator", "CodeGeneration\ProxyGenerator\ProxyGenerator.csproj", "{AA130E4A-9DD6-4FCD-B48F-94D0A7564275}"
EndProject
Project("{2150E333-8FDC-42A3-9474-1A3956D46DE8}") = "Framework", "Framework", "{E928E59D-C6D4-4D8B-A0C5-9DA556FB4199}"
EndProject
Project("{FAE04EC0-301F-11D3-BF4B-00C04F79EFBC}") = "Infant.Core", "Framework\Infant.Core\Infant.Core.csproj", "{6F630C47-9958-4EAA-82AD-E1C71B5F13E9}"
EndProject
Project("{FAE04EC0-301F-11D3-BF4B-00C04F79EFBC}") = "InfantApp.Domain", "Framework\InfantApp.Domain\InfantApp.Domain.csproj", "{F8989D38-0A2C-43EF-AC1E-CFA55C10394E}"
EndProject
Project("{FAE04EC0-301F-11D3-BF4B-00C04F79EFBC}") = "InfantApp.Service", "Framework\InfantApp.Service\InfantApp.Service.csproj", "{AA866A3B-0EAC-45A7-B9F0-980EA27F08EE}"
EndProject
Project("{FAE04EC0-301F-11D3-BF4B-00C04F79EFBC}") = "InfantApp.Ef", "Framework\InfantApp.Ef\InfantApp.Ef.csproj", "{24D08EF9-9B53-4D34-B0B0-0083CF01A1C8}"
EndProject
Project("{FAE04EC0-301F-11D3-BF4B-00C04F79EFBC}") = "InfantApp.WebApi.Host", "Framework\InfantApp.WebApi.Host\InfantApp.WebApi.Host.csproj", "{E4357D31-55FE-450A-9F10-D6CDF0983F78}"
EndProject
Project("{FAE04EC0-301F-11D3-BF4B-00C04F79EFBC}") = "Infant.Host", "Framework\Infant.Host\Infant.Host.csproj", "{163CFD02-34FE-4E52-870F-BF5F3D211EE5}"
EndProject
Project("{FAE04EC0-301F-11D3-BF4B-00C04F79EFBC}") = "Infant.Data", "Framework\Infant.Data\Infant.Data.csproj", "{A9B6F0E4-4022-4E69-8836-10F7203F83B5}"
EndProject
Global
	GlobalSection(SolutionConfigurationPlatforms) = preSolution
		Debug|Any CPU = Debug|Any CPU
		Release|Any CPU = Release|Any CPU
	EndGlobalSection
	GlobalSection(ProjectConfigurationPlatforms) = postSolution
		{AA130E4A-9DD6-4FCD-B48F-94D0A7564275}.Debug|Any CPU.ActiveCfg = Debug|Any CPU
		{AA130E4A-9DD6-4FCD-B48F-94D0A7564275}.Debug|Any CPU.Build.0 = Debug|Any CPU
		{AA130E4A-9DD6-4FCD-B48F-94D0A7564275}.Release|Any CPU.ActiveCfg = Release|Any CPU
		{AA130E4A-9DD6-4FCD-B48F-94D0A7564275}.Release|Any CPU.Build.0 = Release|Any CPU
		{6F630C47-9958-4EAA-82AD-E1C71B5F13E9}.Debug|Any CPU.ActiveCfg = Debug|Any CPU
		{6F630C47-9958-4EAA-82AD-E1C71B5F13E9}.Debug|Any CPU.Build.0 = Debug|Any CPU
		{6F630C47-9958-4EAA-82AD-E1C71B5F13E9}.Release|Any CPU.ActiveCfg = Release|Any CPU
		{6F630C47-9958-4EAA-82AD-E1C71B5F13E9}.Release|Any CPU.Build.0 = Release|Any CPU
		{F8989D38-0A2C-43EF-AC1E-CFA55C10394E}.Debug|Any CPU.ActiveCfg = Debug|Any CPU
		{F8989D38-0A2C-43EF-AC1E-CFA55C10394E}.Debug|Any CPU.Build.0 = Debug|Any CPU
		{F8989D38-0A2C-43EF-AC1E-CFA55C10394E}.Release|Any CPU.ActiveCfg = Release|Any CPU
		{F8989D38-0A2C-43EF-AC1E-CFA55C10394E}.Release|Any CPU.Build.0 = Release|Any CPU
		{AA866A3B-0EAC-45A7-B9F0-980EA27F08EE}.Debug|Any CPU.ActiveCfg = Debug|Any CPU
		{AA866A3B-0EAC-45A7-B9F0-980EA27F08EE}.Debug|Any CPU.Build.0 = Debug|Any CPU
		{AA866A3B-0EAC-45A7-B9F0-980EA27F08EE}.Release|Any CPU.ActiveCfg = Release|Any CPU
		{AA866A3B-0EAC-45A7-B9F0-980EA27F08EE}.Release|Any CPU.Build.0 = Release|Any CPU
		{24D08EF9-9B53-4D34-B0B0-0083CF01A1C8}.Debug|Any CPU.ActiveCfg = Debug|Any CPU
		{24D08EF9-9B53-4D34-B0B0-0083CF01A1C8}.Debug|Any CPU.Build.0 = Debug|Any CPU
		{24D08EF9-9B53-4D34-B0B0-0083CF01A1C8}.Release|Any CPU.ActiveCfg = Release|Any CPU
		{24D08EF9-9B53-4D34-B0B0-0083CF01A1C8}.Release|Any CPU.Build.0 = Release|Any CPU
		{E4357D31-55FE-450A-9F10-D6CDF0983F78}.Debug|Any CPU.ActiveCfg = Debug|Any CPU
		{E4357D31-55FE-450A-9F10-D6CDF0983F78}.Debug|Any CPU.Build.0 = Debug|Any CPU
		{E4357D31-55FE-450A-9F10-D6CDF0983F78}.Release|Any CPU.ActiveCfg = Release|Any CPU
		{E4357D31-55FE-450A-9F10-D6CDF0983F78}.Release|Any CPU.Build.0 = Release|Any CPU
		{163CFD02-34FE-4E52-870F-BF5F3D211EE5}.Debug|Any CPU.ActiveCfg = Debug|Any CPU
		{163CFD02-34FE-4E52-870F-BF5F3D211EE5}.Debug|Any CPU.Build.0 = Debug|Any CPU
		{163CFD02-34FE-4E52-870F-BF5F3D211EE5}.Release|Any CPU.ActiveCfg = Release|Any CPU
		{163CFD02-34FE-4E52-870F-BF5F3D211EE5}.Release|Any CPU.Build.0 = Release|Any CPU
		{A9B6F0E4-4022-4E69-8836-10F7203F83B5}.Debug|Any CPU.ActiveCfg = Debug|Any CPU
		{A9B6F0E4-4022-4E69-8836-10F7203F83B5}.Debug|Any CPU.Build.0 = Debug|Any CPU
		{A9B6F0E4-4022-4E69-8836-10F7203F83B5}.Release|Any CPU.ActiveCfg = Release|Any CPU
		{A9B6F0E4-4022-4E69-8836-10F7203F83B5}.Release|Any CPU.Build.0 = Release|Any CPU
	EndGlobalSection
	GlobalSection(NestedProjects) = preSolution
		{AA130E4A-9DD6-4FCD-B48F-94D0A7564275} = {F338323E-FE53-4942-8599-DA617DBE8FFF}
		{6F630C47-9958-4EAA-82AD-E1C71B5F13E9} = {E928E59D-C6D4-4D8B-A0C5-9DA556FB4199}
		{F8989D38-0A2C-43EF-AC1E-CFA55C10394E} = {E928E59D-C6D4-4D8B-A0C5-9DA556FB4199}
		{AA866A3B-0EAC-45A7-B9F0-980EA27F08EE} = {E928E59D-C6D4-4D8B-A0C5-9DA556FB4199}
		{24D08EF9-9B53-4D34-B0B0-0083CF01A1C8} = {E928E59D-C6D4-4D8B-A0C5-9DA556FB4199}
		{E4357D31-55FE-450A-9F10-D6CDF0983F78} = {E928E59D-C6D4-4D8B-A0C5-9DA556FB4199}
		{163CFD02-34FE-4E52-870F-BF5F3D211EE5} = {E928E59D-C6D4-4D8B-A0C5-9DA556FB4199}
		{A9B6F0E4-4022-4E69-8836-10F7203F83B5} = {E928E59D-C6D4-4D8B-A0C5-9DA556FB4199}
	EndGlobalSection
EndGlobal
